
Microsoft Visual Studio Solution File, Format Version 12.00
# Visual Studio Version 16
VisualStudioVersion = 16.0.30611.23
MinimumVisualStudioVersion = 10.0.40219.1
Project("{FAE04EC0-301F-11D3-BF4B-00C04F79EFBC}") = "FP-3.9", "FP-3.9.csproj", "{5DB156D9-E26E-4AEF-984F-7501D5F70B45}"
EndProject
Global
	GlobalSection(SolutionConfigurationPlatforms) = preSolution
		Debug|Any CPU = Debug|Any CPU
		Release|Any CPU = Release|Any CPU
	EndGlobalSection
	GlobalSection(ProjectConfigurationPlatforms) = postSolution
		{5DB156D9-E26E-4AEF-984F-7501D5F70B45}.Debug|Any CPU.ActiveCfg = Debug|Any CPU
		{5DB156D9-E26E-4AEF-984F-7501D5F70B45}.Debug|Any CPU.Build.0 = Debug|Any CPU
		{5DB156D9-E26E-4AEF-984F-7501D5F70B45}.Release|Any CPU.ActiveCfg = Release|Any CPU
		{5DB156D9-E26E-4AEF-984F-7501D5F70B45}.Release|Any CPU.Build.0 = Release|Any CPU
	EndGlobalSection
	GlobalSection(SolutionProperties) = preSolution
		HideSolutionNode = FALSE
	EndGlobalSection
	GlobalSection(ExtensibilityGlobals) = postSolution
		SolutionGuid = {74B24347-7439-482C-961E-D874935DBF65}
	EndGlobalSection
EndGlobal
