
Microsoft Visual Studio Solution File, Format Version 12.00
# Visual Studio Version 16
VisualStudioVersion = 16.0.30611.23
MinimumVisualStudioVersion = 10.0.40219.1
Project("{FAE04EC0-301F-11D3-BF4B-00C04F79EFBC}") = "FP-3.6", "FP-3.6.csproj", "{AE34885D-8112-481F-884F-7286E648EA50}"
EndProject
Global
	GlobalSection(SolutionConfigurationPlatforms) = preSolution
		Debug|Any CPU = Debug|Any CPU
		Release|Any CPU = Release|Any CPU
	EndGlobalSection
	GlobalSection(ProjectConfigurationPlatforms) = postSolution
		{AE34885D-8112-481F-884F-7286E648EA50}.Debug|Any CPU.ActiveCfg = Debug|Any CPU
		{AE34885D-8112-481F-884F-7286E648EA50}.Debug|Any CPU.Build.0 = Debug|Any CPU
		{AE34885D-8112-481F-884F-7286E648EA50}.Release|Any CPU.ActiveCfg = Release|Any CPU
		{AE34885D-8112-481F-884F-7286E648EA50}.Release|Any CPU.Build.0 = Release|Any CPU
	EndGlobalSection
	GlobalSection(SolutionProperties) = preSolution
		HideSolutionNode = FALSE
	EndGlobalSection
	GlobalSection(ExtensibilityGlobals) = postSolution
		SolutionGuid = {E8D904D6-1FB0-4151-81C3-3E59EB65517D}
	EndGlobalSection
EndGlobal
