
Microsoft Visual Studio Solution File, Format Version 12.00
# Visual Studio Version 16
VisualStudioVersion = 16.0.30611.23
MinimumVisualStudioVersion = 10.0.40219.1
Project("{FAE04EC0-301F-11D3-BF4B-00C04F79EFBC}") = "FP-3.10", "FP-3.10.csproj", "{6E78DCE6-8B68-4196-BD89-BCB0BF4DB33A}"
EndProject
Global
	GlobalSection(SolutionConfigurationPlatforms) = preSolution
		Debug|Any CPU = Debug|Any CPU
		Release|Any CPU = Release|Any CPU
	EndGlobalSection
	GlobalSection(ProjectConfigurationPlatforms) = postSolution
		{6E78DCE6-8B68-4196-BD89-BCB0BF4DB33A}.Debug|Any CPU.ActiveCfg = Debug|Any CPU
		{6E78DCE6-8B68-4196-BD89-BCB0BF4DB33A}.Debug|Any CPU.Build.0 = Debug|Any CPU
		{6E78DCE6-8B68-4196-BD89-BCB0BF4DB33A}.Release|Any CPU.ActiveCfg = Release|Any CPU
		{6E78DCE6-8B68-4196-BD89-BCB0BF4DB33A}.Release|Any CPU.Build.0 = Release|Any CPU
	EndGlobalSection
	GlobalSection(SolutionProperties) = preSolution
		HideSolutionNode = FALSE
	EndGlobalSection
	GlobalSection(ExtensibilityGlobals) = postSolution
		SolutionGuid = {53658A26-6BCC-487A-8E00-5D5D20B5FBC9}
	EndGlobalSection
EndGlobal
