
Microsoft Visual Studio Solution File, Format Version 12.00
# Visual Studio Version 16
VisualStudioVersion = 16.0.30611.23
MinimumVisualStudioVersion = 10.0.40219.1
Project("{FAE04EC0-301F-11D3-BF4B-00C04F79EFBC}") = "FP-3.3", "FP-3.3.csproj", "{8C16EA8D-342E-498D-B324-CA350B14CA0C}"
EndProject
Global
	GlobalSection(SolutionConfigurationPlatforms) = preSolution
		Debug|Any CPU = Debug|Any CPU
		Release|Any CPU = Release|Any CPU
	EndGlobalSection
	GlobalSection(ProjectConfigurationPlatforms) = postSolution
		{8C16EA8D-342E-498D-B324-CA350B14CA0C}.Debug|Any CPU.ActiveCfg = Debug|Any CPU
		{8C16EA8D-342E-498D-B324-CA350B14CA0C}.Debug|Any CPU.Build.0 = Debug|Any CPU
		{8C16EA8D-342E-498D-B324-CA350B14CA0C}.Release|Any CPU.ActiveCfg = Release|Any CPU
		{8C16EA8D-342E-498D-B324-CA350B14CA0C}.Release|Any CPU.Build.0 = Release|Any CPU
	EndGlobalSection
	GlobalSection(SolutionProperties) = preSolution
		HideSolutionNode = FALSE
	EndGlobalSection
	GlobalSection(ExtensibilityGlobals) = postSolution
		SolutionGuid = {B143CD8B-6B70-42AA-8F47-B6B00F76AEDE}
	EndGlobalSection
EndGlobal
